
Microsoft Visual Studio Solution File, Format Version 12.00
# Visual Studio Version 17
VisualStudioVersion = 17.8.34316.72
MinimumVisualStudioVersion = 10.0.40219.1
Project("{FAE04EC0-301F-11D3-BF4B-00C04F79EFBC}") = "Opgave03-06", "Opgave03\Opgave03-06.csproj", "{F06D0FE4-620A-4156-AD35-E7B11CF305BE}"
EndProject
Global
	GlobalSection(SolutionConfigurationPlatforms) = preSolution
		Debug|Any CPU = Debug|Any CPU
		Release|Any CPU = Release|Any CPU
	EndGlobalSection
	GlobalSection(ProjectConfigurationPlatforms) = postSolution
		{F06D0FE4-620A-4156-AD35-E7B11CF305BE}.Debug|Any CPU.ActiveCfg = Debug|Any CPU
		{F06D0FE4-620A-4156-AD35-E7B11CF305BE}.Debug|Any CPU.Build.0 = Debug|Any CPU
		{F06D0FE4-620A-4156-AD35-E7B11CF305BE}.Release|Any CPU.ActiveCfg = Release|Any CPU
		{F06D0FE4-620A-4156-AD35-E7B11CF305BE}.Release|Any CPU.Build.0 = Release|Any CPU
	EndGlobalSection
	GlobalSection(SolutionProperties) = preSolution
		HideSolutionNode = FALSE
	EndGlobalSection
	GlobalSection(ExtensibilityGlobals) = postSolution
		SolutionGuid = {3D03394A-4752-4D9C-9A7F-CD2C52847C36}
	EndGlobalSection
EndGlobal
