
Microsoft Visual Studio Solution File, Format Version 12.00
# Visual Studio Version 17
VisualStudioVersion = 17.7.34221.43
MinimumVisualStudioVersion = 10.0.40219.1
Project("{FAE04EC0-301F-11D3-BF4B-00C04F79EFBC}") = "Opgave02", "Opgave02.2\Opgave02.csproj", "{E3CC67EC-AF82-44CA-A57F-A49494F313D2}"
EndProject
Project("{FAE04EC0-301F-11D3-BF4B-00C04F79EFBC}") = "Opgave03", "Opgave03\Opgave03.csproj", "{1B9CE164-B426-4097-B7E4-DD3669A74263}"
EndProject
Project("{FAE04EC0-301F-11D3-BF4B-00C04F79EFBC}") = "Opgave04", "Opgave04\Opgave04.csproj", "{B9269026-FE8A-4BAD-8D56-FD7C4E9A8941}"
EndProject
Project("{FAE04EC0-301F-11D3-BF4B-00C04F79EFBC}") = "Opgave05", "Opgave05\Opgave05.csproj", "{D3E0FB08-885C-49FB-970E-A761A44A9467}"
EndProject
Project("{FAE04EC0-301F-11D3-BF4B-00C04F79EFBC}") = "Opgave06", "Opgave06\Opgave06.csproj", "{8E9C27A5-9B2D-47A7-9BCC-21EA26081A75}"
EndProject
Project("{FAE04EC0-301F-11D3-BF4B-00C04F79EFBC}") = "Opgave07", "Opgave07\Opgave07.csproj", "{D2B21A23-42B5-4F81-8034-54D86F4A9AB8}"
EndProject
Project("{FAE04EC0-301F-11D3-BF4B-00C04F79EFBC}") = "Opgave08.1", "Opgave08\Opgave08.1.csproj", "{45F30C0B-5A2A-4D25-A54A-C79A30C16EEA}"
EndProject
Project("{FAE04EC0-301F-11D3-BF4B-00C04F79EFBC}") = "Opgave08.3-08.6", "Opgave08.3\Opgave08.3-08.6.csproj", "{4B03A273-F509-4196-AD91-92A63B6E4A93}"
EndProject
Project("{FAE04EC0-301F-11D3-BF4B-00C04F79EFBC}") = "Opgave09", "Opgave09\Opgave09.csproj", "{3975571E-A3A6-4F69-B2BA-3569A72B0EB1}"
EndProject
Global
	GlobalSection(SolutionConfigurationPlatforms) = preSolution
		Debug|Any CPU = Debug|Any CPU
		Release|Any CPU = Release|Any CPU
	EndGlobalSection
	GlobalSection(ProjectConfigurationPlatforms) = postSolution
		{E3CC67EC-AF82-44CA-A57F-A49494F313D2}.Debug|Any CPU.ActiveCfg = Debug|Any CPU
		{E3CC67EC-AF82-44CA-A57F-A49494F313D2}.Debug|Any CPU.Build.0 = Debug|Any CPU
		{E3CC67EC-AF82-44CA-A57F-A49494F313D2}.Release|Any CPU.ActiveCfg = Release|Any CPU
		{E3CC67EC-AF82-44CA-A57F-A49494F313D2}.Release|Any CPU.Build.0 = Release|Any CPU
		{1B9CE164-B426-4097-B7E4-DD3669A74263}.Debug|Any CPU.ActiveCfg = Debug|Any CPU
		{1B9CE164-B426-4097-B7E4-DD3669A74263}.Debug|Any CPU.Build.0 = Debug|Any CPU
		{1B9CE164-B426-4097-B7E4-DD3669A74263}.Release|Any CPU.ActiveCfg = Release|Any CPU
		{1B9CE164-B426-4097-B7E4-DD3669A74263}.Release|Any CPU.Build.0 = Release|Any CPU
		{B9269026-FE8A-4BAD-8D56-FD7C4E9A8941}.Debug|Any CPU.ActiveCfg = Debug|Any CPU
		{B9269026-FE8A-4BAD-8D56-FD7C4E9A8941}.Debug|Any CPU.Build.0 = Debug|Any CPU
		{B9269026-FE8A-4BAD-8D56-FD7C4E9A8941}.Release|Any CPU.ActiveCfg = Release|Any CPU
		{B9269026-FE8A-4BAD-8D56-FD7C4E9A8941}.Release|Any CPU.Build.0 = Release|Any CPU
		{D3E0FB08-885C-49FB-970E-A761A44A9467}.Debug|Any CPU.ActiveCfg = Debug|Any CPU
		{D3E0FB08-885C-49FB-970E-A761A44A9467}.Debug|Any CPU.Build.0 = Debug|Any CPU
		{D3E0FB08-885C-49FB-970E-A761A44A9467}.Release|Any CPU.ActiveCfg = Release|Any CPU
		{D3E0FB08-885C-49FB-970E-A761A44A9467}.Release|Any CPU.Build.0 = Release|Any CPU
		{8E9C27A5-9B2D-47A7-9BCC-21EA26081A75}.Debug|Any CPU.ActiveCfg = Debug|Any CPU
		{8E9C27A5-9B2D-47A7-9BCC-21EA26081A75}.Debug|Any CPU.Build.0 = Debug|Any CPU
		{8E9C27A5-9B2D-47A7-9BCC-21EA26081A75}.Release|Any CPU.ActiveCfg = Release|Any CPU
		{8E9C27A5-9B2D-47A7-9BCC-21EA26081A75}.Release|Any CPU.Build.0 = Release|Any CPU
		{D2B21A23-42B5-4F81-8034-54D86F4A9AB8}.Debug|Any CPU.ActiveCfg = Debug|Any CPU
		{D2B21A23-42B5-4F81-8034-54D86F4A9AB8}.Debug|Any CPU.Build.0 = Debug|Any CPU
		{D2B21A23-42B5-4F81-8034-54D86F4A9AB8}.Release|Any CPU.ActiveCfg = Release|Any CPU
		{D2B21A23-42B5-4F81-8034-54D86F4A9AB8}.Release|Any CPU.Build.0 = Release|Any CPU
		{45F30C0B-5A2A-4D25-A54A-C79A30C16EEA}.Debug|Any CPU.ActiveCfg = Debug|Any CPU
		{45F30C0B-5A2A-4D25-A54A-C79A30C16EEA}.Debug|Any CPU.Build.0 = Debug|Any CPU
		{45F30C0B-5A2A-4D25-A54A-C79A30C16EEA}.Release|Any CPU.ActiveCfg = Release|Any CPU
		{45F30C0B-5A2A-4D25-A54A-C79A30C16EEA}.Release|Any CPU.Build.0 = Release|Any CPU
		{4B03A273-F509-4196-AD91-92A63B6E4A93}.Debug|Any CPU.ActiveCfg = Debug|Any CPU
		{4B03A273-F509-4196-AD91-92A63B6E4A93}.Debug|Any CPU.Build.0 = Debug|Any CPU
		{4B03A273-F509-4196-AD91-92A63B6E4A93}.Release|Any CPU.ActiveCfg = Release|Any CPU
		{4B03A273-F509-4196-AD91-92A63B6E4A93}.Release|Any CPU.Build.0 = Release|Any CPU
		{3975571E-A3A6-4F69-B2BA-3569A72B0EB1}.Debug|Any CPU.ActiveCfg = Debug|Any CPU
		{3975571E-A3A6-4F69-B2BA-3569A72B0EB1}.Debug|Any CPU.Build.0 = Debug|Any CPU
		{3975571E-A3A6-4F69-B2BA-3569A72B0EB1}.Release|Any CPU.ActiveCfg = Release|Any CPU
		{3975571E-A3A6-4F69-B2BA-3569A72B0EB1}.Release|Any CPU.Build.0 = Release|Any CPU
	EndGlobalSection
	GlobalSection(SolutionProperties) = preSolution
		HideSolutionNode = FALSE
	EndGlobalSection
	GlobalSection(ExtensibilityGlobals) = postSolution
		SolutionGuid = {8B8AF4F3-3946-47D7-A140-09AF4619B682}
	EndGlobalSection
EndGlobal
